
Microsoft Visual Studio Solution File, Format Version 12.00
# Visual Studio 2013
VisualStudioVersion = 12.0.21005.1
MinimumVisualStudioVersion = 10.0.40219.1
Project("{FAE04EC0-301F-11D3-BF4B-00C04F79EFBC}") = "Epicoil.Application", "Epicoil.Application\Epicoil.Application.csproj", "{75D1BBAB-1BD1-414D-8444-4B37C5E6FE5F}"
	ProjectSection(ProjectDependencies) = postProject
		{03D6AA07-CD32-42B0-AC43-BD41D485B04F} = {03D6AA07-CD32-42B0-AC43-BD41D485B04F}
	EndProjectSection
EndProject
Project("{FAE04EC0-301F-11D3-BF4B-00C04F79EFBC}") = "Epicoil.Library", "Epicoil.Library\Epicoil.Library.csproj", "{03D6AA07-CD32-42B0-AC43-BD41D485B04F}"
EndProject
Project("{FAE04EC0-301F-11D3-BF4B-00C04F79EFBC}") = "Epicoil.LibraryTests", "Epicoil.LibraryTests\Epicoil.LibraryTests.csproj", "{1931E24B-1535-4F57-9604-A3E41FDCD2D0}"
EndProject
Global
	GlobalSection(SolutionConfigurationPlatforms) = preSolution
		Debug|Any CPU = Debug|Any CPU
		Release|Any CPU = Release|Any CPU
	EndGlobalSection
	GlobalSection(ProjectConfigurationPlatforms) = postSolution
		{75D1BBAB-1BD1-414D-8444-4B37C5E6FE5F}.Debug|Any CPU.ActiveCfg = Debug|Any CPU
		{75D1BBAB-1BD1-414D-8444-4B37C5E6FE5F}.Debug|Any CPU.Build.0 = Debug|Any CPU
		{75D1BBAB-1BD1-414D-8444-4B37C5E6FE5F}.Release|Any CPU.ActiveCfg = Release|Any CPU
		{75D1BBAB-1BD1-414D-8444-4B37C5E6FE5F}.Release|Any CPU.Build.0 = Release|Any CPU
		{03D6AA07-CD32-42B0-AC43-BD41D485B04F}.Debug|Any CPU.ActiveCfg = Debug|Any CPU
		{03D6AA07-CD32-42B0-AC43-BD41D485B04F}.Debug|Any CPU.Build.0 = Debug|Any CPU
		{03D6AA07-CD32-42B0-AC43-BD41D485B04F}.Release|Any CPU.ActiveCfg = Release|Any CPU
		{03D6AA07-CD32-42B0-AC43-BD41D485B04F}.Release|Any CPU.Build.0 = Release|Any CPU
		{1931E24B-1535-4F57-9604-A3E41FDCD2D0}.Debug|Any CPU.ActiveCfg = Debug|Any CPU
		{1931E24B-1535-4F57-9604-A3E41FDCD2D0}.Debug|Any CPU.Build.0 = Debug|Any CPU
		{1931E24B-1535-4F57-9604-A3E41FDCD2D0}.Release|Any CPU.ActiveCfg = Release|Any CPU
		{1931E24B-1535-4F57-9604-A3E41FDCD2D0}.Release|Any CPU.Build.0 = Release|Any CPU
	EndGlobalSection
	GlobalSection(SolutionProperties) = preSolution
		HideSolutionNode = FALSE
	EndGlobalSection
EndGlobal
